
Microsoft Visual Studio Solution File, Format Version 12.00
# Visual Studio Version 17
VisualStudioVersion = 17.11.35222.181
MinimumVisualStudioVersion = 10.0.40219.1
Project("{9A19103F-16F7-4668-BE54-9A1E7A4F7556}") = "FinancialServices", "FinancialServices\FinancialServices.csproj", "{A14EA2BA-BE8F-4A7F-BB89-48EE3D53A849}"
EndProject
Project("{9A19103F-16F7-4668-BE54-9A1E7A4F7556}") = "FinancialServices.Domain", "FinancialServices.Domain\FinancialServices.Domain.csproj", "{5D3F2D79-3059-452A-A1B4-92E536081BD8}"
EndProject
Project("{2150E333-8FDC-42A3-9474-1A3956D46DE8}") = "Presentation", "Presentation", "{8715225E-713C-4EAF-9DF6-A5C1B576D8D5}"
EndProject
Project("{2150E333-8FDC-42A3-9474-1A3956D46DE8}") = "Domain", "Domain", "{CDE44042-F4B4-4A5D-BAC0-943F03543FC0}"
EndProject
Project("{2150E333-8FDC-42A3-9474-1A3956D46DE8}") = "Infrastructure", "Infrastructure", "{B075CEEB-FAFC-479F-9638-F11EEB37C458}"
EndProject
Project("{2150E333-8FDC-42A3-9474-1A3956D46DE8}") = "Application", "Application", "{18CA343D-3230-4325-BECC-2CA9A8F11423}"
EndProject
Project("{9A19103F-16F7-4668-BE54-9A1E7A4F7556}") = "FinancialServices.Application", "FinancialServices.Application\FinancialServices.Application.csproj", "{1D92BC47-5F80-4370-8D35-F6544B28F1DA}"
EndProject
Project("{9A19103F-16F7-4668-BE54-9A1E7A4F7556}") = "FinancialServivces.Infrastructure.Ioc", "FinancialServivces.Infrastructure.Ioc\FinancialServivces.Infrastructure.Ioc.csproj", "{4DABC7CF-78E1-46EA-9098-B62ED07E330F}"
EndProject
Project("{9A19103F-16F7-4668-BE54-9A1E7A4F7556}") = "FinancialServices.Infrastructure.Data", "FinancialServices.Infrastructure.Data\FinancialServices.Infrastructure.Data.csproj", "{1DE73E7D-C971-424B-91C0-EC5127549C10}"
EndProject
Project("{FAE04EC0-301F-11D3-BF4B-00C04F79EFBC}") = "FinancialServices.WS", "FinancialServices.WS\FinancialServices.WS.csproj", "{05BFDC20-AF12-46E4-8DFB-98772D2D69CF}"
EndProject
Global
	GlobalSection(SolutionConfigurationPlatforms) = preSolution
		Debug|Any CPU = Debug|Any CPU
		Release|Any CPU = Release|Any CPU
	EndGlobalSection
	GlobalSection(ProjectConfigurationPlatforms) = postSolution
		{A14EA2BA-BE8F-4A7F-BB89-48EE3D53A849}.Debug|Any CPU.ActiveCfg = Debug|Any CPU
		{A14EA2BA-BE8F-4A7F-BB89-48EE3D53A849}.Debug|Any CPU.Build.0 = Debug|Any CPU
		{A14EA2BA-BE8F-4A7F-BB89-48EE3D53A849}.Release|Any CPU.ActiveCfg = Release|Any CPU
		{A14EA2BA-BE8F-4A7F-BB89-48EE3D53A849}.Release|Any CPU.Build.0 = Release|Any CPU
		{5D3F2D79-3059-452A-A1B4-92E536081BD8}.Debug|Any CPU.ActiveCfg = Debug|Any CPU
		{5D3F2D79-3059-452A-A1B4-92E536081BD8}.Debug|Any CPU.Build.0 = Debug|Any CPU
		{5D3F2D79-3059-452A-A1B4-92E536081BD8}.Release|Any CPU.ActiveCfg = Release|Any CPU
		{5D3F2D79-3059-452A-A1B4-92E536081BD8}.Release|Any CPU.Build.0 = Release|Any CPU
		{1D92BC47-5F80-4370-8D35-F6544B28F1DA}.Debug|Any CPU.ActiveCfg = Debug|Any CPU
		{1D92BC47-5F80-4370-8D35-F6544B28F1DA}.Debug|Any CPU.Build.0 = Debug|Any CPU
		{1D92BC47-5F80-4370-8D35-F6544B28F1DA}.Release|Any CPU.ActiveCfg = Release|Any CPU
		{1D92BC47-5F80-4370-8D35-F6544B28F1DA}.Release|Any CPU.Build.0 = Release|Any CPU
		{4DABC7CF-78E1-46EA-9098-B62ED07E330F}.Debug|Any CPU.ActiveCfg = Debug|Any CPU
		{4DABC7CF-78E1-46EA-9098-B62ED07E330F}.Debug|Any CPU.Build.0 = Debug|Any CPU
		{4DABC7CF-78E1-46EA-9098-B62ED07E330F}.Release|Any CPU.ActiveCfg = Release|Any CPU
		{4DABC7CF-78E1-46EA-9098-B62ED07E330F}.Release|Any CPU.Build.0 = Release|Any CPU
		{1DE73E7D-C971-424B-91C0-EC5127549C10}.Debug|Any CPU.ActiveCfg = Debug|Any CPU
		{1DE73E7D-C971-424B-91C0-EC5127549C10}.Debug|Any CPU.Build.0 = Debug|Any CPU
		{1DE73E7D-C971-424B-91C0-EC5127549C10}.Release|Any CPU.ActiveCfg = Release|Any CPU
		{1DE73E7D-C971-424B-91C0-EC5127549C10}.Release|Any CPU.Build.0 = Release|Any CPU
		{05BFDC20-AF12-46E4-8DFB-98772D2D69CF}.Debug|Any CPU.ActiveCfg = Debug|Any CPU
		{05BFDC20-AF12-46E4-8DFB-98772D2D69CF}.Debug|Any CPU.Build.0 = Debug|Any CPU
		{05BFDC20-AF12-46E4-8DFB-98772D2D69CF}.Release|Any CPU.ActiveCfg = Release|Any CPU
		{05BFDC20-AF12-46E4-8DFB-98772D2D69CF}.Release|Any CPU.Build.0 = Release|Any CPU
	EndGlobalSection
	GlobalSection(SolutionProperties) = preSolution
		HideSolutionNode = FALSE
	EndGlobalSection
	GlobalSection(NestedProjects) = preSolution
		{A14EA2BA-BE8F-4A7F-BB89-48EE3D53A849} = {8715225E-713C-4EAF-9DF6-A5C1B576D8D5}
		{5D3F2D79-3059-452A-A1B4-92E536081BD8} = {CDE44042-F4B4-4A5D-BAC0-943F03543FC0}
		{1D92BC47-5F80-4370-8D35-F6544B28F1DA} = {18CA343D-3230-4325-BECC-2CA9A8F11423}
		{4DABC7CF-78E1-46EA-9098-B62ED07E330F} = {B075CEEB-FAFC-479F-9638-F11EEB37C458}
		{1DE73E7D-C971-424B-91C0-EC5127549C10} = {B075CEEB-FAFC-479F-9638-F11EEB37C458}
		{05BFDC20-AF12-46E4-8DFB-98772D2D69CF} = {8715225E-713C-4EAF-9DF6-A5C1B576D8D5}
	EndGlobalSection
	GlobalSection(ExtensibilityGlobals) = postSolution
		SolutionGuid = {415E5789-4E71-430D-A0B1-5E975527B5E7}
	EndGlobalSection
EndGlobal
